
Microsoft Visual Studio Solution File, Format Version 12.00
# Visual Studio Version 17
VisualStudioVersion = 17.2.32630.192
MinimumVisualStudioVersion = 10.0.40219.1
Project("{9A19103F-16F7-4668-BE54-9A1E7A4F7556}") = "PlanningPoker.Server", "PlanningPoker\Server\PlanningPoker.Server.csproj", "{DB9FC5F1-7A24-48C8-AC06-0E9D3F6A333B}"
EndProject
Project("{9A19103F-16F7-4668-BE54-9A1E7A4F7556}") = "PlanningPoker.Client", "PlanningPoker\Client\PlanningPoker.Client.csproj", "{2A6D1A0D-E58D-4DBE-AB03-2F43012EDC98}"
EndProject
Project("{9A19103F-16F7-4668-BE54-9A1E7A4F7556}") = "PlanningPoker.Shared", "PlanningPoker\Shared\PlanningPoker.Shared.csproj", "{ED2B90CF-A135-479B-9BB1-EDF63F2A4F31}"
EndProject
Project("{FAE04EC0-301F-11D3-BF4B-00C04F79EFBC}") = "PlanningPoker.Data", "PlaningPoker.Data\PlanningPoker.Data.csproj", "{225BD578-8DC0-4BDB-935C-98FC615C7533}"
EndProject
Project("{FAE04EC0-301F-11D3-BF4B-00C04F79EFBC}") = "PlanningPoker.Models", "PlanningPoker.Models\PlanningPoker.Models.csproj", "{979F7E2F-81A2-4682-9FC5-D646D6B48888}"
EndProject
Project("{FAE04EC0-301F-11D3-BF4B-00C04F79EFBC}") = "PlanningPoker.Application", "PlanninPoker.Application\PlanningPoker.Application.csproj", "{6A94642D-1971-40A4-8D54-ADDFA9347ABF}"
EndProject
Global
	GlobalSection(SolutionConfigurationPlatforms) = preSolution
		Debug|Any CPU = Debug|Any CPU
		Release|Any CPU = Release|Any CPU
	EndGlobalSection
	GlobalSection(ProjectConfigurationPlatforms) = postSolution
		{DB9FC5F1-7A24-48C8-AC06-0E9D3F6A333B}.Debug|Any CPU.ActiveCfg = Debug|Any CPU
		{DB9FC5F1-7A24-48C8-AC06-0E9D3F6A333B}.Debug|Any CPU.Build.0 = Debug|Any CPU
		{DB9FC5F1-7A24-48C8-AC06-0E9D3F6A333B}.Release|Any CPU.ActiveCfg = Release|Any CPU
		{DB9FC5F1-7A24-48C8-AC06-0E9D3F6A333B}.Release|Any CPU.Build.0 = Release|Any CPU
		{2A6D1A0D-E58D-4DBE-AB03-2F43012EDC98}.Debug|Any CPU.ActiveCfg = Debug|Any CPU
		{2A6D1A0D-E58D-4DBE-AB03-2F43012EDC98}.Debug|Any CPU.Build.0 = Debug|Any CPU
		{2A6D1A0D-E58D-4DBE-AB03-2F43012EDC98}.Release|Any CPU.ActiveCfg = Release|Any CPU
		{2A6D1A0D-E58D-4DBE-AB03-2F43012EDC98}.Release|Any CPU.Build.0 = Release|Any CPU
		{ED2B90CF-A135-479B-9BB1-EDF63F2A4F31}.Debug|Any CPU.ActiveCfg = Debug|Any CPU
		{ED2B90CF-A135-479B-9BB1-EDF63F2A4F31}.Debug|Any CPU.Build.0 = Debug|Any CPU
		{ED2B90CF-A135-479B-9BB1-EDF63F2A4F31}.Release|Any CPU.ActiveCfg = Release|Any CPU
		{ED2B90CF-A135-479B-9BB1-EDF63F2A4F31}.Release|Any CPU.Build.0 = Release|Any CPU
		{225BD578-8DC0-4BDB-935C-98FC615C7533}.Debug|Any CPU.ActiveCfg = Debug|Any CPU
		{225BD578-8DC0-4BDB-935C-98FC615C7533}.Debug|Any CPU.Build.0 = Debug|Any CPU
		{225BD578-8DC0-4BDB-935C-98FC615C7533}.Release|Any CPU.ActiveCfg = Release|Any CPU
		{225BD578-8DC0-4BDB-935C-98FC615C7533}.Release|Any CPU.Build.0 = Release|Any CPU
		{979F7E2F-81A2-4682-9FC5-D646D6B48888}.Debug|Any CPU.ActiveCfg = Debug|Any CPU
		{979F7E2F-81A2-4682-9FC5-D646D6B48888}.Debug|Any CPU.Build.0 = Debug|Any CPU
		{979F7E2F-81A2-4682-9FC5-D646D6B48888}.Release|Any CPU.ActiveCfg = Release|Any CPU
		{979F7E2F-81A2-4682-9FC5-D646D6B48888}.Release|Any CPU.Build.0 = Release|Any CPU
		{6A94642D-1971-40A4-8D54-ADDFA9347ABF}.Debug|Any CPU.ActiveCfg = Debug|Any CPU
		{6A94642D-1971-40A4-8D54-ADDFA9347ABF}.Debug|Any CPU.Build.0 = Debug|Any CPU
		{6A94642D-1971-40A4-8D54-ADDFA9347ABF}.Release|Any CPU.ActiveCfg = Release|Any CPU
		{6A94642D-1971-40A4-8D54-ADDFA9347ABF}.Release|Any CPU.Build.0 = Release|Any CPU
	EndGlobalSection
	GlobalSection(SolutionProperties) = preSolution
		HideSolutionNode = FALSE
	EndGlobalSection
	GlobalSection(ExtensibilityGlobals) = postSolution
		SolutionGuid = {E154135E-A03A-4F17-B8B1-31CDDF42C412}
	EndGlobalSection
EndGlobal
